<Solution>
  <Project Path="CountSubarraysWithProductBelowK/CountSubarraysWithProductBelowK.csproj" />
  <Project Path="KSizeSubarrayOfMaxSum/KSizeSubarrayOfMaxSum.csproj" />
  <Project Path="LongestUniqueCharsSubstring/LongestUniqueCharsSubstring.csproj" />
  <Project Path="SubstringPermuteCheck/SubstringPermuteCheck.csproj" />
  <Project Path="TwoTypeFruitHarvest/TwoTypeFruitHarvest.csproj" />
</Solution>
