
Microsoft Visual Studio Solution File, Format Version 12.00
# Visual Studio Version 17
VisualStudioVersion = 17.14.36511.14
MinimumVisualStudioVersion = 10.0.40219.1
Project("{FAE04EC0-301F-11D3-BF4B-00C04F79EFBC}") = "ExtractTreeLevels", "ExtractTreeLevels.csproj", "{55FC1A31-53D0-4F9D-B906-FFD94068C152}"
EndProject
Project("{FAE04EC0-301F-11D3-BF4B-00C04F79EFBC}") = "VerifyTreeEquality", "..\VerifyTreeEquality\VerifyTreeEquality.csproj", "{356526E6-B3C8-4167-BEBE-E5E8CDDD4CA1}"
EndProject
Global
	GlobalSection(SolutionConfigurationPlatforms) = preSolution
		Debug|Any CPU = Debug|Any CPU
		Release|Any CPU = Release|Any CPU
	EndGlobalSection
	GlobalSection(ProjectConfigurationPlatforms) = postSolution
		{55FC1A31-53D0-4F9D-B906-FFD94068C152}.Debug|Any CPU.ActiveCfg = Debug|Any CPU
		{55FC1A31-53D0-4F9D-B906-FFD94068C152}.Debug|Any CPU.Build.0 = Debug|Any CPU
		{55FC1A31-53D0-4F9D-B906-FFD94068C152}.Release|Any CPU.ActiveCfg = Release|Any CPU
		{55FC1A31-53D0-4F9D-B906-FFD94068C152}.Release|Any CPU.Build.0 = Release|Any CPU
		{356526E6-B3C8-4167-BEBE-E5E8CDDD4CA1}.Debug|Any CPU.ActiveCfg = Debug|Any CPU
		{356526E6-B3C8-4167-BEBE-E5E8CDDD4CA1}.Debug|Any CPU.Build.0 = Debug|Any CPU
		{356526E6-B3C8-4167-BEBE-E5E8CDDD4CA1}.Release|Any CPU.ActiveCfg = Release|Any CPU
		{356526E6-B3C8-4167-BEBE-E5E8CDDD4CA1}.Release|Any CPU.Build.0 = Release|Any CPU
	EndGlobalSection
	GlobalSection(SolutionProperties) = preSolution
		HideSolutionNode = FALSE
	EndGlobalSection
	GlobalSection(ExtensibilityGlobals) = postSolution
		SolutionGuid = {65D1080E-4552-47F9-96A9-0097076CAFF0}
	EndGlobalSection
EndGlobal
